{
  "requires": true,
  "lockfileVersion": 1,
  "dependencies": {
    "js-datepicker": {
      "version": "5.6.0",
      "resolved": "https://registry.npmjs.org/js-datepicker/-/js-datepicker-5.6.0.tgz",
      "integrity": "sha512-c35yD7QUgsejIFDnJQuUlzGfYtPsItDGo8lecPiHGPLbJBNT4CV9haO3sBwKT122r0lFinNRieouwrOqwHTKzw=="
    }
  }
}
